
Microsoft Visual Studio Solution File, Format Version 12.00
# Visual Studio Version 17
VisualStudioVersion = 17.9.34622.214
MinimumVisualStudioVersion = 10.0.40219.1
Project("{2150E333-8FDC-42A3-9474-1A3956D46DE8}") = "Application", "Application", "{8A4BBC04-CF5A-458A-AC6C-57D57608FA09}"
EndProject
Project("{2150E333-8FDC-42A3-9474-1A3956D46DE8}") = "Core", "Core", "{26920BCA-380F-432B-8AAF-92D0339571F3}"
EndProject
Project("{9A19103F-16F7-4668-BE54-9A1E7A4F7556}") = "Core.Users.Domain", "Application\Core\Core.Users.Domain\Core.Users.Domain.csproj", "{72565093-2FB0-45EA-A4A9-797C1DE9522B}"
EndProject
Project("{9A19103F-16F7-4668-BE54-9A1E7A4F7556}") = "Core.Application", "Application\Core\Core.Application\Core.Application.csproj", "{68A05744-90D3-4ACB-A899-6588860B94D3}"
EndProject
Project("{9A19103F-16F7-4668-BE54-9A1E7A4F7556}") = "Core.Api", "Application\Core\Core.Api\Core.Api.csproj", "{1A346349-012B-481A-92B0-6F14410A280D}"
EndProject
Project("{2150E333-8FDC-42A3-9474-1A3956D46DE8}") = "Auth", "Auth", "{EF434426-6E50-404B-94A6-17AB764C626E}"
EndProject
Project("{9A19103F-16F7-4668-BE54-9A1E7A4F7556}") = "Core.Auth.Application", "Application\Core\Auth\Core.Auth.Application\Core.Auth.Application.csproj", "{7AB6EF9F-4C74-40CA-8DBF-F62E4927C943}"
EndProject
Project("{2150E333-8FDC-42A3-9474-1A3956D46DE8}") = "Users", "Users", "{66B0EEA8-D360-4D6D-9AA5-A15C8F5AB8E7}"
EndProject
Project("{9A19103F-16F7-4668-BE54-9A1E7A4F7556}") = "Users.Application", "Application\Users\Users.Application\Users.Application.csproj", "{FD72A9F8-5567-4C5E-BDDE-D95F19C1E2C6}"
EndProject
Project("{2150E333-8FDC-42A3-9474-1A3956D46DE8}") = "Infrastructure", "Infrastructure", "{563A3306-00F7-401E-B55C-16E2DA25D17E}"
EndProject
Project("{2150E333-8FDC-42A3-9474-1A3956D46DE8}") = "Apis", "Apis", "{922B5989-94D2-486A-811C-567D30C4C31E}"
EndProject
Project("{9A19103F-16F7-4668-BE54-9A1E7A4F7556}") = "Users.Api", "Apis\Users.Api\Users.Api.csproj", "{D721A179-153A-43EC-8697-EC337E8D967C}"
EndProject
Project("{9A19103F-16F7-4668-BE54-9A1E7A4F7556}") = "Auth.Api", "Apis\Auth.Api\Auth.Api.csproj", "{4BEF277C-40E8-43E8-B766-15244A924F7F}"
EndProject
Project("{2150E333-8FDC-42A3-9474-1A3956D46DE8}") = "Auth", "Auth", "{05F9A5FC-FD00-40FB-9883-65C66F9CD607}"
EndProject
Project("{9A19103F-16F7-4668-BE54-9A1E7A4F7556}") = "Auth.Domain", "Application\Auth\Auth.Domain\Auth.Domain.csproj", "{000A03CC-0A18-4DC9-AA64-C4AF31375BCB}"
EndProject
Project("{9A19103F-16F7-4668-BE54-9A1E7A4F7556}") = "Auth.Application", "Application\Auth\Auth.Application\Auth.Application.csproj", "{484F014F-3CE6-48D5-8F96-CAAD2D1C8DDF}"
EndProject
Project("{9A19103F-16F7-4668-BE54-9A1E7A4F7556}") = "Core.Auth.Api", "Application\Core\Auth\Core.Auth.Api\Core.Auth.Api.csproj", "{51355F96-19B0-4CB7-A3AB-2BB83D4F408E}"
EndProject
Project("{2150E333-8FDC-42A3-9474-1A3956D46DE8}") = "Products", "Products", "{CA5407CB-D862-4DA8-AFD0-B881DC96551D}"
EndProject
Project("{2150E333-8FDC-42A3-9474-1A3956D46DE8}") = "Storages", "Storages", "{63D131E9-1AB4-445C-A03B-66FE07734D64}"
EndProject
Project("{9A19103F-16F7-4668-BE54-9A1E7A4F7556}") = "Products.Applications", "Application\Products\Products.Applications\Products.Applications.csproj", "{6CCA9E59-FEA0-4593-97A0-762F5C3D33F9}"
EndProject
Project("{9A19103F-16F7-4668-BE54-9A1E7A4F7556}") = "Infrastructure.Persistence", "Infrastructure\Infrastructure.Persistence\Infrastructure.Persistence.csproj", "{F8BE53C1-924C-44FB-B61A-E26C502DD2BA}"
EndProject
Project("{2150E333-8FDC-42A3-9474-1A3956D46DE8}") = "Orders", "Orders", "{FB2BDACB-6408-47A7-8AB9-3261CED5BFF5}"
EndProject
Project("{2150E333-8FDC-42A3-9474-1A3956D46DE8}") = "Tests", "Tests", "{9D0B65D5-BC12-4AB8-A2A2-4CDE20F5D040}"
EndProject
Project("{9A19103F-16F7-4668-BE54-9A1E7A4F7556}") = "Orders.Api", "Apis\Orders.Api\Orders.Api.csproj", "{77E1CD1F-69AD-45B4-8492-8FAF51C98212}"
EndProject
Project("{9A19103F-16F7-4668-BE54-9A1E7A4F7556}") = "Storages.Api", "Apis\Storages.Api\Storages.Api.csproj", "{79CA7BFB-0114-432D-B02B-440770338C53}"
EndProject
Project("{9A19103F-16F7-4668-BE54-9A1E7A4F7556}") = "Products.Api", "Apis\Products.Api\Products.Api.csproj", "{9DFFE6EF-799D-4028-AA70-7C8C44A5677B}"
EndProject
Project("{9A19103F-16F7-4668-BE54-9A1E7A4F7556}") = "Orders.Applications", "Application\Orders\Orders.Applications\Orders.Applications.csproj", "{EB1EC667-275F-4474-9359-DD7C4D198AD4}"
EndProject
Project("{9A19103F-16F7-4668-BE54-9A1E7A4F7556}") = "Orders.Domain", "Application\Orders\Orders.Domain\Orders.Domain.csproj", "{BF4667A5-BF82-4DDA-ABAC-80E6ACEEB6A0}"
EndProject
Project("{9A19103F-16F7-4668-BE54-9A1E7A4F7556}") = "Storages.Application", "Application\Storages\Storages.Application\Storages.Application.csproj", "{7481D49C-2143-4DA2-94DA-666901764DE5}"
EndProject
Project("{9A19103F-16F7-4668-BE54-9A1E7A4F7556}") = "Infrastracture.Mq", "Infrastracture.Mq\Infrastracture.Mq.csproj", "{BB9677D4-D1E4-4E5B-BEB4-3F6A2DF9785B}"
EndProject
Project("{9A19103F-16F7-4668-BE54-9A1E7A4F7556}") = "Storages.Domain", "Application\Storages\Storages.Domain\Storages.Domain.csproj", "{02F9D4DC-A5B9-45AA-96C0-3031B8B027D9}"
EndProject
Project("{9A19103F-16F7-4668-BE54-9A1E7A4F7556}") = "Core.Products.Domain", "Application\Core\Core.Products.Domain\Core.Products.Domain.csproj", "{5280CA18-1523-4C8C-A2B5-7C355D2F2744}"
EndProject
Project("{E53339B2-1760-4266-BCC7-CA923CBCF16C}") = "docker-compose", "docker-compose.dcproj", "{F4BB8EB4-2DFA-4FBA-BE03-33A47420912B}"
EndProject
Project("{9A19103F-16F7-4668-BE54-9A1E7A4F7556}") = "Core.Storages.Domain", "Application\Core\Core.Storages.Domain\Core.Storages.Domain.csproj", "{10ED32BF-3A83-4124-BE5B-1C4713C8F6E6}"
EndProject
Project("{9A19103F-16F7-4668-BE54-9A1E7A4F7556}") = "IsDeliveredConsumer", "Application\Products\IsDeliveredConsumer\IsDeliveredConsumer.csproj", "{03635D6D-FFF9-442B-80F4-AA7CB2A78396}"
EndProject
Project("{9A19103F-16F7-4668-BE54-9A1E7A4F7556}") = "IsSpoild", "Application\Products\IsSpoild\IsSpoild.csproj", "{F05D97B4-91D9-4204-B259-AF58C003FA63}"
EndProject
Project("{9A19103F-16F7-4668-BE54-9A1E7A4F7556}") = "SpoilCheck", "Application\Products\SpoilCheck\SpoilCheck.csproj", "{908DA1D8-335A-49F4-9D6F-C035BAC34939}"
EndProject
Project("{2150E333-8FDC-42A3-9474-1A3956D46DE8}") = "Consumers", "Consumers", "{94E30C55-59B2-4A6F-977E-760C2C929CAB}"
EndProject
Project("{FAE04EC0-301F-11D3-BF4B-00C04F79EFBC}") = "Mails.Api", "Apis\Mails.Api\Mails.Api.csproj", "{D2E77343-30F4-4236-BDA7-3887CB285331}"
EndProject
Project("{2150E333-8FDC-42A3-9474-1A3956D46DE8}") = "Mails", "Mails", "{DB3C9E9A-DFC3-4E31-A51F-F250C6971343}"
EndProject
Project("{FAE04EC0-301F-11D3-BF4B-00C04F79EFBC}") = "Mails.Applications", "Application\Mails\Mails.Applications\Mails.Applications.csproj", "{CA15BB4A-0E26-411E-9E9B-EEF921BED205}"
EndProject
Global
	GlobalSection(SolutionConfigurationPlatforms) = preSolution
		Debug|Any CPU = Debug|Any CPU
		Release|Any CPU = Release|Any CPU
	EndGlobalSection
	GlobalSection(ProjectConfigurationPlatforms) = postSolution
		{72565093-2FB0-45EA-A4A9-797C1DE9522B}.Debug|Any CPU.ActiveCfg = Debug|Any CPU
		{72565093-2FB0-45EA-A4A9-797C1DE9522B}.Debug|Any CPU.Build.0 = Debug|Any CPU
		{72565093-2FB0-45EA-A4A9-797C1DE9522B}.Release|Any CPU.ActiveCfg = Release|Any CPU
		{72565093-2FB0-45EA-A4A9-797C1DE9522B}.Release|Any CPU.Build.0 = Release|Any CPU
		{68A05744-90D3-4ACB-A899-6588860B94D3}.Debug|Any CPU.ActiveCfg = Debug|Any CPU
		{68A05744-90D3-4ACB-A899-6588860B94D3}.Debug|Any CPU.Build.0 = Debug|Any CPU
		{68A05744-90D3-4ACB-A899-6588860B94D3}.Release|Any CPU.ActiveCfg = Release|Any CPU
		{68A05744-90D3-4ACB-A899-6588860B94D3}.Release|Any CPU.Build.0 = Release|Any CPU
		{1A346349-012B-481A-92B0-6F14410A280D}.Debug|Any CPU.ActiveCfg = Debug|Any CPU
		{1A346349-012B-481A-92B0-6F14410A280D}.Debug|Any CPU.Build.0 = Debug|Any CPU
		{1A346349-012B-481A-92B0-6F14410A280D}.Release|Any CPU.ActiveCfg = Release|Any CPU
		{1A346349-012B-481A-92B0-6F14410A280D}.Release|Any CPU.Build.0 = Release|Any CPU
		{7AB6EF9F-4C74-40CA-8DBF-F62E4927C943}.Debug|Any CPU.ActiveCfg = Debug|Any CPU
		{7AB6EF9F-4C74-40CA-8DBF-F62E4927C943}.Debug|Any CPU.Build.0 = Debug|Any CPU
		{7AB6EF9F-4C74-40CA-8DBF-F62E4927C943}.Release|Any CPU.ActiveCfg = Release|Any CPU
		{7AB6EF9F-4C74-40CA-8DBF-F62E4927C943}.Release|Any CPU.Build.0 = Release|Any CPU
		{FD72A9F8-5567-4C5E-BDDE-D95F19C1E2C6}.Debug|Any CPU.ActiveCfg = Debug|Any CPU
		{FD72A9F8-5567-4C5E-BDDE-D95F19C1E2C6}.Debug|Any CPU.Build.0 = Debug|Any CPU
		{FD72A9F8-5567-4C5E-BDDE-D95F19C1E2C6}.Release|Any CPU.ActiveCfg = Release|Any CPU
		{FD72A9F8-5567-4C5E-BDDE-D95F19C1E2C6}.Release|Any CPU.Build.0 = Release|Any CPU
		{D721A179-153A-43EC-8697-EC337E8D967C}.Debug|Any CPU.ActiveCfg = Debug|Any CPU
		{D721A179-153A-43EC-8697-EC337E8D967C}.Debug|Any CPU.Build.0 = Debug|Any CPU
		{D721A179-153A-43EC-8697-EC337E8D967C}.Release|Any CPU.ActiveCfg = Release|Any CPU
		{D721A179-153A-43EC-8697-EC337E8D967C}.Release|Any CPU.Build.0 = Release|Any CPU
		{4BEF277C-40E8-43E8-B766-15244A924F7F}.Debug|Any CPU.ActiveCfg = Debug|Any CPU
		{4BEF277C-40E8-43E8-B766-15244A924F7F}.Debug|Any CPU.Build.0 = Debug|Any CPU
		{4BEF277C-40E8-43E8-B766-15244A924F7F}.Release|Any CPU.ActiveCfg = Release|Any CPU
		{4BEF277C-40E8-43E8-B766-15244A924F7F}.Release|Any CPU.Build.0 = Release|Any CPU
		{000A03CC-0A18-4DC9-AA64-C4AF31375BCB}.Debug|Any CPU.ActiveCfg = Debug|Any CPU
		{000A03CC-0A18-4DC9-AA64-C4AF31375BCB}.Debug|Any CPU.Build.0 = Debug|Any CPU
		{000A03CC-0A18-4DC9-AA64-C4AF31375BCB}.Release|Any CPU.ActiveCfg = Release|Any CPU
		{000A03CC-0A18-4DC9-AA64-C4AF31375BCB}.Release|Any CPU.Build.0 = Release|Any CPU
		{484F014F-3CE6-48D5-8F96-CAAD2D1C8DDF}.Debug|Any CPU.ActiveCfg = Debug|Any CPU
		{484F014F-3CE6-48D5-8F96-CAAD2D1C8DDF}.Debug|Any CPU.Build.0 = Debug|Any CPU
		{484F014F-3CE6-48D5-8F96-CAAD2D1C8DDF}.Release|Any CPU.ActiveCfg = Release|Any CPU
		{484F014F-3CE6-48D5-8F96-CAAD2D1C8DDF}.Release|Any CPU.Build.0 = Release|Any CPU
		{51355F96-19B0-4CB7-A3AB-2BB83D4F408E}.Debug|Any CPU.ActiveCfg = Debug|Any CPU
		{51355F96-19B0-4CB7-A3AB-2BB83D4F408E}.Debug|Any CPU.Build.0 = Debug|Any CPU
		{51355F96-19B0-4CB7-A3AB-2BB83D4F408E}.Release|Any CPU.ActiveCfg = Release|Any CPU
		{51355F96-19B0-4CB7-A3AB-2BB83D4F408E}.Release|Any CPU.Build.0 = Release|Any CPU
		{6CCA9E59-FEA0-4593-97A0-762F5C3D33F9}.Debug|Any CPU.ActiveCfg = Debug|Any CPU
		{6CCA9E59-FEA0-4593-97A0-762F5C3D33F9}.Debug|Any CPU.Build.0 = Debug|Any CPU
		{6CCA9E59-FEA0-4593-97A0-762F5C3D33F9}.Release|Any CPU.ActiveCfg = Release|Any CPU
		{6CCA9E59-FEA0-4593-97A0-762F5C3D33F9}.Release|Any CPU.Build.0 = Release|Any CPU
		{F8BE53C1-924C-44FB-B61A-E26C502DD2BA}.Debug|Any CPU.ActiveCfg = Debug|Any CPU
		{F8BE53C1-924C-44FB-B61A-E26C502DD2BA}.Debug|Any CPU.Build.0 = Debug|Any CPU
		{F8BE53C1-924C-44FB-B61A-E26C502DD2BA}.Release|Any CPU.ActiveCfg = Release|Any CPU
		{F8BE53C1-924C-44FB-B61A-E26C502DD2BA}.Release|Any CPU.Build.0 = Release|Any CPU
		{77E1CD1F-69AD-45B4-8492-8FAF51C98212}.Debug|Any CPU.ActiveCfg = Debug|Any CPU
		{77E1CD1F-69AD-45B4-8492-8FAF51C98212}.Debug|Any CPU.Build.0 = Debug|Any CPU
		{77E1CD1F-69AD-45B4-8492-8FAF51C98212}.Release|Any CPU.ActiveCfg = Release|Any CPU
		{77E1CD1F-69AD-45B4-8492-8FAF51C98212}.Release|Any CPU.Build.0 = Release|Any CPU
		{79CA7BFB-0114-432D-B02B-440770338C53}.Debug|Any CPU.ActiveCfg = Debug|Any CPU
		{79CA7BFB-0114-432D-B02B-440770338C53}.Debug|Any CPU.Build.0 = Debug|Any CPU
		{79CA7BFB-0114-432D-B02B-440770338C53}.Release|Any CPU.ActiveCfg = Release|Any CPU
		{79CA7BFB-0114-432D-B02B-440770338C53}.Release|Any CPU.Build.0 = Release|Any CPU
		{9DFFE6EF-799D-4028-AA70-7C8C44A5677B}.Debug|Any CPU.ActiveCfg = Debug|Any CPU
		{9DFFE6EF-799D-4028-AA70-7C8C44A5677B}.Debug|Any CPU.Build.0 = Debug|Any CPU
		{9DFFE6EF-799D-4028-AA70-7C8C44A5677B}.Release|Any CPU.ActiveCfg = Release|Any CPU
		{9DFFE6EF-799D-4028-AA70-7C8C44A5677B}.Release|Any CPU.Build.0 = Release|Any CPU
		{EB1EC667-275F-4474-9359-DD7C4D198AD4}.Debug|Any CPU.ActiveCfg = Debug|Any CPU
		{EB1EC667-275F-4474-9359-DD7C4D198AD4}.Debug|Any CPU.Build.0 = Debug|Any CPU
		{EB1EC667-275F-4474-9359-DD7C4D198AD4}.Release|Any CPU.ActiveCfg = Release|Any CPU
		{EB1EC667-275F-4474-9359-DD7C4D198AD4}.Release|Any CPU.Build.0 = Release|Any CPU
		{BF4667A5-BF82-4DDA-ABAC-80E6ACEEB6A0}.Debug|Any CPU.ActiveCfg = Debug|Any CPU
		{BF4667A5-BF82-4DDA-ABAC-80E6ACEEB6A0}.Debug|Any CPU.Build.0 = Debug|Any CPU
		{BF4667A5-BF82-4DDA-ABAC-80E6ACEEB6A0}.Release|Any CPU.ActiveCfg = Release|Any CPU
		{BF4667A5-BF82-4DDA-ABAC-80E6ACEEB6A0}.Release|Any CPU.Build.0 = Release|Any CPU
		{7481D49C-2143-4DA2-94DA-666901764DE5}.Debug|Any CPU.ActiveCfg = Debug|Any CPU
		{7481D49C-2143-4DA2-94DA-666901764DE5}.Debug|Any CPU.Build.0 = Debug|Any CPU
		{7481D49C-2143-4DA2-94DA-666901764DE5}.Release|Any CPU.ActiveCfg = Release|Any CPU
		{7481D49C-2143-4DA2-94DA-666901764DE5}.Release|Any CPU.Build.0 = Release|Any CPU
		{BB9677D4-D1E4-4E5B-BEB4-3F6A2DF9785B}.Debug|Any CPU.ActiveCfg = Debug|Any CPU
		{BB9677D4-D1E4-4E5B-BEB4-3F6A2DF9785B}.Debug|Any CPU.Build.0 = Debug|Any CPU
		{BB9677D4-D1E4-4E5B-BEB4-3F6A2DF9785B}.Release|Any CPU.ActiveCfg = Release|Any CPU
		{BB9677D4-D1E4-4E5B-BEB4-3F6A2DF9785B}.Release|Any CPU.Build.0 = Release|Any CPU
		{02F9D4DC-A5B9-45AA-96C0-3031B8B027D9}.Debug|Any CPU.ActiveCfg = Debug|Any CPU
		{02F9D4DC-A5B9-45AA-96C0-3031B8B027D9}.Debug|Any CPU.Build.0 = Debug|Any CPU
		{02F9D4DC-A5B9-45AA-96C0-3031B8B027D9}.Release|Any CPU.ActiveCfg = Release|Any CPU
		{02F9D4DC-A5B9-45AA-96C0-3031B8B027D9}.Release|Any CPU.Build.0 = Release|Any CPU
		{5280CA18-1523-4C8C-A2B5-7C355D2F2744}.Debug|Any CPU.ActiveCfg = Debug|Any CPU
		{5280CA18-1523-4C8C-A2B5-7C355D2F2744}.Debug|Any CPU.Build.0 = Debug|Any CPU
		{5280CA18-1523-4C8C-A2B5-7C355D2F2744}.Release|Any CPU.ActiveCfg = Release|Any CPU
		{5280CA18-1523-4C8C-A2B5-7C355D2F2744}.Release|Any CPU.Build.0 = Release|Any CPU
		{F4BB8EB4-2DFA-4FBA-BE03-33A47420912B}.Debug|Any CPU.ActiveCfg = Debug|Any CPU
		{F4BB8EB4-2DFA-4FBA-BE03-33A47420912B}.Debug|Any CPU.Build.0 = Debug|Any CPU
		{F4BB8EB4-2DFA-4FBA-BE03-33A47420912B}.Release|Any CPU.ActiveCfg = Release|Any CPU
		{F4BB8EB4-2DFA-4FBA-BE03-33A47420912B}.Release|Any CPU.Build.0 = Release|Any CPU
		{10ED32BF-3A83-4124-BE5B-1C4713C8F6E6}.Debug|Any CPU.ActiveCfg = Debug|Any CPU
		{10ED32BF-3A83-4124-BE5B-1C4713C8F6E6}.Debug|Any CPU.Build.0 = Debug|Any CPU
		{10ED32BF-3A83-4124-BE5B-1C4713C8F6E6}.Release|Any CPU.ActiveCfg = Release|Any CPU
		{10ED32BF-3A83-4124-BE5B-1C4713C8F6E6}.Release|Any CPU.Build.0 = Release|Any CPU
		{03635D6D-FFF9-442B-80F4-AA7CB2A78396}.Debug|Any CPU.ActiveCfg = Debug|Any CPU
		{03635D6D-FFF9-442B-80F4-AA7CB2A78396}.Debug|Any CPU.Build.0 = Debug|Any CPU
		{03635D6D-FFF9-442B-80F4-AA7CB2A78396}.Release|Any CPU.ActiveCfg = Release|Any CPU
		{03635D6D-FFF9-442B-80F4-AA7CB2A78396}.Release|Any CPU.Build.0 = Release|Any CPU
		{F05D97B4-91D9-4204-B259-AF58C003FA63}.Debug|Any CPU.ActiveCfg = Debug|Any CPU
		{F05D97B4-91D9-4204-B259-AF58C003FA63}.Debug|Any CPU.Build.0 = Debug|Any CPU
		{F05D97B4-91D9-4204-B259-AF58C003FA63}.Release|Any CPU.ActiveCfg = Release|Any CPU
		{F05D97B4-91D9-4204-B259-AF58C003FA63}.Release|Any CPU.Build.0 = Release|Any CPU
		{908DA1D8-335A-49F4-9D6F-C035BAC34939}.Debug|Any CPU.ActiveCfg = Debug|Any CPU
		{908DA1D8-335A-49F4-9D6F-C035BAC34939}.Debug|Any CPU.Build.0 = Debug|Any CPU
		{908DA1D8-335A-49F4-9D6F-C035BAC34939}.Release|Any CPU.ActiveCfg = Release|Any CPU
		{908DA1D8-335A-49F4-9D6F-C035BAC34939}.Release|Any CPU.Build.0 = Release|Any CPU
		{D2E77343-30F4-4236-BDA7-3887CB285331}.Debug|Any CPU.ActiveCfg = Debug|Any CPU
		{D2E77343-30F4-4236-BDA7-3887CB285331}.Debug|Any CPU.Build.0 = Debug|Any CPU
		{D2E77343-30F4-4236-BDA7-3887CB285331}.Release|Any CPU.ActiveCfg = Release|Any CPU
		{D2E77343-30F4-4236-BDA7-3887CB285331}.Release|Any CPU.Build.0 = Release|Any CPU
		{CA15BB4A-0E26-411E-9E9B-EEF921BED205}.Debug|Any CPU.ActiveCfg = Debug|Any CPU
		{CA15BB4A-0E26-411E-9E9B-EEF921BED205}.Debug|Any CPU.Build.0 = Debug|Any CPU
		{CA15BB4A-0E26-411E-9E9B-EEF921BED205}.Release|Any CPU.ActiveCfg = Release|Any CPU
		{CA15BB4A-0E26-411E-9E9B-EEF921BED205}.Release|Any CPU.Build.0 = Release|Any CPU
	EndGlobalSection
	GlobalSection(SolutionProperties) = preSolution
		HideSolutionNode = FALSE
	EndGlobalSection
	GlobalSection(NestedProjects) = preSolution
		{26920BCA-380F-432B-8AAF-92D0339571F3} = {8A4BBC04-CF5A-458A-AC6C-57D57608FA09}
		{72565093-2FB0-45EA-A4A9-797C1DE9522B} = {26920BCA-380F-432B-8AAF-92D0339571F3}
		{68A05744-90D3-4ACB-A899-6588860B94D3} = {26920BCA-380F-432B-8AAF-92D0339571F3}
		{1A346349-012B-481A-92B0-6F14410A280D} = {26920BCA-380F-432B-8AAF-92D0339571F3}
		{EF434426-6E50-404B-94A6-17AB764C626E} = {26920BCA-380F-432B-8AAF-92D0339571F3}
		{7AB6EF9F-4C74-40CA-8DBF-F62E4927C943} = {EF434426-6E50-404B-94A6-17AB764C626E}
		{66B0EEA8-D360-4D6D-9AA5-A15C8F5AB8E7} = {8A4BBC04-CF5A-458A-AC6C-57D57608FA09}
		{FD72A9F8-5567-4C5E-BDDE-D95F19C1E2C6} = {66B0EEA8-D360-4D6D-9AA5-A15C8F5AB8E7}
		{D721A179-153A-43EC-8697-EC337E8D967C} = {922B5989-94D2-486A-811C-567D30C4C31E}
		{4BEF277C-40E8-43E8-B766-15244A924F7F} = {922B5989-94D2-486A-811C-567D30C4C31E}
		{05F9A5FC-FD00-40FB-9883-65C66F9CD607} = {8A4BBC04-CF5A-458A-AC6C-57D57608FA09}
		{000A03CC-0A18-4DC9-AA64-C4AF31375BCB} = {05F9A5FC-FD00-40FB-9883-65C66F9CD607}
		{484F014F-3CE6-48D5-8F96-CAAD2D1C8DDF} = {05F9A5FC-FD00-40FB-9883-65C66F9CD607}
		{51355F96-19B0-4CB7-A3AB-2BB83D4F408E} = {EF434426-6E50-404B-94A6-17AB764C626E}
		{CA5407CB-D862-4DA8-AFD0-B881DC96551D} = {8A4BBC04-CF5A-458A-AC6C-57D57608FA09}
		{63D131E9-1AB4-445C-A03B-66FE07734D64} = {8A4BBC04-CF5A-458A-AC6C-57D57608FA09}
		{6CCA9E59-FEA0-4593-97A0-762F5C3D33F9} = {CA5407CB-D862-4DA8-AFD0-B881DC96551D}
		{F8BE53C1-924C-44FB-B61A-E26C502DD2BA} = {563A3306-00F7-401E-B55C-16E2DA25D17E}
		{FB2BDACB-6408-47A7-8AB9-3261CED5BFF5} = {8A4BBC04-CF5A-458A-AC6C-57D57608FA09}
		{77E1CD1F-69AD-45B4-8492-8FAF51C98212} = {922B5989-94D2-486A-811C-567D30C4C31E}
		{79CA7BFB-0114-432D-B02B-440770338C53} = {922B5989-94D2-486A-811C-567D30C4C31E}
		{9DFFE6EF-799D-4028-AA70-7C8C44A5677B} = {922B5989-94D2-486A-811C-567D30C4C31E}
		{EB1EC667-275F-4474-9359-DD7C4D198AD4} = {FB2BDACB-6408-47A7-8AB9-3261CED5BFF5}
		{BF4667A5-BF82-4DDA-ABAC-80E6ACEEB6A0} = {FB2BDACB-6408-47A7-8AB9-3261CED5BFF5}
		{7481D49C-2143-4DA2-94DA-666901764DE5} = {63D131E9-1AB4-445C-A03B-66FE07734D64}
		{BB9677D4-D1E4-4E5B-BEB4-3F6A2DF9785B} = {563A3306-00F7-401E-B55C-16E2DA25D17E}
		{02F9D4DC-A5B9-45AA-96C0-3031B8B027D9} = {63D131E9-1AB4-445C-A03B-66FE07734D64}
		{5280CA18-1523-4C8C-A2B5-7C355D2F2744} = {26920BCA-380F-432B-8AAF-92D0339571F3}
		{10ED32BF-3A83-4124-BE5B-1C4713C8F6E6} = {26920BCA-380F-432B-8AAF-92D0339571F3}
		{03635D6D-FFF9-442B-80F4-AA7CB2A78396} = {94E30C55-59B2-4A6F-977E-760C2C929CAB}
		{F05D97B4-91D9-4204-B259-AF58C003FA63} = {94E30C55-59B2-4A6F-977E-760C2C929CAB}
		{908DA1D8-335A-49F4-9D6F-C035BAC34939} = {94E30C55-59B2-4A6F-977E-760C2C929CAB}
		{94E30C55-59B2-4A6F-977E-760C2C929CAB} = {CA5407CB-D862-4DA8-AFD0-B881DC96551D}
		{D2E77343-30F4-4236-BDA7-3887CB285331} = {922B5989-94D2-486A-811C-567D30C4C31E}
		{DB3C9E9A-DFC3-4E31-A51F-F250C6971343} = {8A4BBC04-CF5A-458A-AC6C-57D57608FA09}
		{CA15BB4A-0E26-411E-9E9B-EEF921BED205} = {DB3C9E9A-DFC3-4E31-A51F-F250C6971343}
	EndGlobalSection
	GlobalSection(ExtensibilityGlobals) = postSolution
		SolutionGuid = {54D13B88-52F7-4DB0-B356-6DC1906FC270}
	EndGlobalSection
EndGlobal
